PODS:
  - AWSCore (2.5.5)
  - AWSIoT (2.5.5):
    - AWSCore (= 2.5.5)

DEPENDENCIES:
  - AWSCore
  - AWSIoT
  - AWSIoT (~> 2.5.0)

SPEC CHECKSUMS:
  AWSCore: 665371d51ccdfe62430c586e3cb8e57eff8ce09d
  AWSIoT: 831c3c1a223cd862b69f5d3d3f787afc1c600340

PODFILE CHECKSUM: 648a93109db663625a537860132a881d8abf8b2f

COCOAPODS: 1.2.1
